
Microsoft Visual Studio Solution File, Format Version 12.00
# Visual Studio Version 17
VisualStudioVersion = 17.10.34814.14
MinimumVisualStudioVersion = 10.0.40219.1
Project("{9A19103F-16F7-4668-BE54-9A1E7A4F7556}") = "Web", "Web\Web.csproj", "{5ACBF746-3CC7-4BBD-B021-75267E19EDCD}"
EndProject
Project("{FAE04EC0-301F-11D3-BF4B-00C04F79EFBC}") = "Web.UnitTests", "Web.UnitTests\Web.UnitTests.csproj", "{CA135E9F-5372-4B15-BE7B-9782262D316F}"
EndProject
Global
	GlobalSection(SolutionConfigurationPlatforms) = preSolution
		Debug|Any CPU = Debug|Any CPU
		Release|Any CPU = Release|Any CPU
	EndGlobalSection
	GlobalSection(ProjectConfigurationPlatforms) = postSolution
		{5ACBF746-3CC7-4BBD-B021-75267E19EDCD}.Debug|Any CPU.ActiveCfg = Debug|Any CPU
		{5ACBF746-3CC7-4BBD-B021-75267E19EDCD}.Debug|Any CPU.Build.0 = Debug|Any CPU
		{5ACBF746-3CC7-4BBD-B021-75267E19EDCD}.Release|Any CPU.ActiveCfg = Release|Any CPU
		{5ACBF746-3CC7-4BBD-B021-75267E19EDCD}.Release|Any CPU.Build.0 = Release|Any CPU
		{CA135E9F-5372-4B15-BE7B-9782262D316F}.Debug|Any CPU.ActiveCfg = Debug|Any CPU
		{CA135E9F-5372-4B15-BE7B-9782262D316F}.Debug|Any CPU.Build.0 = Debug|Any CPU
		{CA135E9F-5372-4B15-BE7B-9782262D316F}.Release|Any CPU.ActiveCfg = Release|Any CPU
		{CA135E9F-5372-4B15-BE7B-9782262D316F}.Release|Any CPU.Build.0 = Release|Any CPU
	EndGlobalSection
	GlobalSection(SolutionProperties) = preSolution
		HideSolutionNode = FALSE
	EndGlobalSection
	GlobalSection(ExtensibilityGlobals) = postSolution
		SolutionGuid = {FE0158F4-3868-4A6A-BA52-88CFE1A36144}
	EndGlobalSection
EndGlobal
